PODS:
  - LoadController (1.0.10)
  - Reveal-iOS-SDK (1.6.2)

DEPENDENCIES:
  - LoadController (= 1.0.10)
  - Reveal-iOS-SDK

SPEC CHECKSUMS:
  LoadController: 1320db45038a8f00e83f9cf8377e46cbe74ff5a5
  Reveal-iOS-SDK: e2250b3c155bcfac53ae223ddc1f76d08f206c33

PODFILE CHECKSUM: 851358149fd04bdae0643dfa1cbddbcc1e7a82aa

COCOAPODS: 1.4.0.beta.1
